# THIS IS AN AUTOGENERATED FILE. DO NOT EDIT THIS FILE DIRECTLY.
# yarn lockfile v1


docdash@^1.1.1:
  version "1.1.1"
  resolved "https://registry.yarnpkg.com/docdash/-/docdash-1.1.1.tgz#89924e57938388fc3d1fa900927acfced7f3b24f"
  integrity sha512-WQkkr01zL6kcIfq9YCSXtqqevM6NYoTXLdl+Td0OYCEcX0RgsuEMeqHXQaXFt+p6Lo15RIgA5XhLAn7RL+erhA==

node-fetch@^2.6.0:
  version "2.6.0"
  resolved "https://registry.yarnpkg.com/node-fetch/-/node-fetch-2.6.0.tgz#e633456386d4aa55863f676a7ab0daa8fdecb0fd"
  integrity sha512-8dG4H5ujfvFiqDmVu9fQ5bOHUC15JMjMY/Zumv26oOvvVJjM67KF8koCWIabKQ1GJIa9r2mMZscBq/TbdOcmNA==
